<?xml version="1.0" encoding="utf-8"?>
<Project ToolsVersion="4.0" xmlns="http://schemas.microsoft.com/developer/msbuild/2003">
  <ItemGroup>
    <Filter Include="소스 파일">
      <UniqueIdentifier>{4FC737F1-C7A5-4376-A066-2A32D752A2FF}</UniqueIdentifier>
      <Extensions>cpp;c;cc;cxx;c++;cppm;ixx;def;odl;idl;hpj;bat;asm;asmx</Extensions>
    </Filter>
    <Filter Include="헤더 파일">
      <UniqueIdentifier>{93995380-89BD-4b04-88EB-625FBE52EBFB}</UniqueIdentifier>
      <Extensions>h;hh;hpp;hxx;h++;hm;inl;inc;ipp;xsd</Extensions>
    </Filter>
    <Filter Include="리소스 파일">
      <UniqueIdentifier>{67DA6AB6-F800-4c08-8B7A-83BB121AAD01}</UniqueIdentifier>
      <Extensions>rc;ico;cur;bmp;dlg;rc2;rct;bin;rgs;gif;jpg;jpeg;jpe;resx;tiff;tif;png;wav;mfcribbon-ms</Extensions>
    </Filter>
    <Filter Include="소스 파일\01_Triangle">
      <UniqueIdentifier>{e1c30674-31e9-4b52-90f8-4184cebcce41}</UniqueIdentifier>
    </Filter>
    <Filter Include="소스 파일\00_Window">
      <UniqueIdentifier>{ba2c0b94-c70e-4511-8dca-f287ea1a6a55}</UniqueIdentifier>
    </Filter>
    <Filter Include="소스 파일\02_Shader">
      <UniqueIdentifier>{327d9f9d-c902-4da7-b35d-8ae849fda664}</UniqueIdentifier>
    </Filter>
    <Filter Include="헤더 파일\Common">
      <UniqueIdentifier>{1c3c4a6a-3492-4e10-ada4-ff7934806567}</UniqueIdentifier>
    </Filter>
    <Filter Include="소스 파일\Common">
      <UniqueIdentifier>{d64d0040-4c89-4cad-90fd-196886e7fc5e}</UniqueIdentifier>
    </Filter>
  </ItemGroup>
  <ItemGroup>
    <ClCompile Include="opengl-study-bin\src\glad.c">
      <Filter>소스 파일</Filter>
    </ClCompile>
    <ClCompile Include="src\01_Triangle\01_Triangle.cpp">
      <Filter>소스 파일\01_Triangle</Filter>
    </ClCompile>
    <ClCompile Include="src\Common\CustomShader.cpp">
      <Filter>소스 파일\Common</Filter>
    </ClCompile>
    <ClCompile Include="src\Common\CustomShaderProgram.cpp">
      <Filter>소스 파일\Common</Filter>
    </ClCompile>
    <ClCompile Include="src\Common\GLSLFile.cpp">
      <Filter>소스 파일\Common</Filter>
    </ClCompile>
    <ClCompile Include="src\Common\StaticPolygon.cpp">
      <Filter>소스 파일\Common</Filter>
    </ClCompile>
    <ClCompile Include="src\00_Window\00_Window.cpp">
      <Filter>소스 파일\00_Window</Filter>
    </ClCompile>
  </ItemGroup>
  <ItemGroup>
    <None Include="src\01_Triangle\01_Triangle.frag">
      <Filter>소스 파일\01_Triangle</Filter>
    </None>
    <None Include="src\01_Triangle\01_Triangle.vert">
      <Filter>소스 파일\01_Triangle</Filter>
    </None>
    <None Include="src\01_Triangle\01_Triangle_2.frag">
      <Filter>소스 파일\01_Triangle</Filter>
    </None>
    <None Include="src\02_Shader\TestVertexShader.frag">
      <Filter>소스 파일\02_Shader</Filter>
    </None>
    <None Include="src\02_Shader\TestVertexShader.vert">
      <Filter>소스 파일\02_Shader</Filter>
    </None>
  </ItemGroup>
  <ItemGroup>
    <Text Include="src\02_Shader\glsl_format.txt">
      <Filter>소스 파일\02_Shader</Filter>
    </Text>
  </ItemGroup>
  <ItemGroup>
    <ClInclude Include="includes\Common\CustomShader.h">
      <Filter>헤더 파일\Common</Filter>
    </ClInclude>
    <ClInclude Include="includes\Common\CustomShaderProgram.h">
      <Filter>헤더 파일\Common</Filter>
    </ClInclude>
    <ClInclude Include="includes\Common\GLSLFile.h">
      <Filter>헤더 파일\Common</Filter>
    </ClInclude>
    <ClInclude Include="includes\Common\StaticPolygon.h">
      <Filter>헤더 파일\Common</Filter>
    </ClInclude>
  </ItemGroup>
</Project>