<?xml version="1.0" encoding="utf-8"?>
<Project ToolsVersion="4.0" xmlns="http://schemas.microsoft.com/developer/msbuild/2003">
  <ItemGroup>
    <Filter Include="소스 파일">
      <UniqueIdentifier>{4FC737F1-C7A5-4376-A066-2A32D752A2FF}</UniqueIdentifier>
      <Extensions>cpp;c;cc;cxx;c++;cppm;ixx;def;odl;idl;hpj;bat;asm;asmx</Extensions>
    </Filter>
    <Filter Include="헤더 파일">
      <UniqueIdentifier>{93995380-89BD-4b04-88EB-625FBE52EBFB}</UniqueIdentifier>
      <Extensions>h;hh;hpp;hxx;h++;hm;inl;inc;ipp;xsd</Extensions>
    </Filter>
    <Filter Include="리소스 파일">
      <UniqueIdentifier>{67DA6AB6-F800-4c08-8B7A-83BB121AAD01}</UniqueIdentifier>
      <Extensions>rc;ico;cur;bmp;dlg;rc2;rct;bin;rgs;gif;jpg;jpeg;jpe;resx;tiff;tif;png;wav;mfcribbon-ms</Extensions>
    </Filter>
    <Filter Include="소스 파일\01_Triangle">
      <UniqueIdentifier>{e1c30674-31e9-4b52-90f8-4184cebcce41}</UniqueIdentifier>
    </Filter>
    <Filter Include="소스 파일\00_Window">
      <UniqueIdentifier>{ba2c0b94-c70e-4511-8dca-f287ea1a6a55}</UniqueIdentifier>
    </Filter>
    <Filter Include="소스 파일\02_Shader">
      <UniqueIdentifier>{327d9f9d-c902-4da7-b35d-8ae849fda664}</UniqueIdentifier>
    </Filter>
    <Filter Include="소스 파일\03_Texture">
      <UniqueIdentifier>{ddab6ad5-c78d-4290-b5e6-7054e22ed1c4}</UniqueIdentifier>
    </Filter>
  </ItemGroup>
  <ItemGroup>
    <ClCompile Include="opengl-study-bin\src\glad.c">
      <Filter>소스 파일</Filter>
    </ClCompile>
    <ClCompile Include="src\01_Triangle\01_Triangle.cpp">
      <Filter>소스 파일\01_Triangle</Filter>
    </ClCompile>
    <ClCompile Include="src\00_Window\00_Window.cpp">
      <Filter>소스 파일\00_Window</Filter>
    </ClCompile>
    <ClCompile Include="src\02_Shader\02_Shader.cpp">
      <Filter>소스 파일\02_Shader</Filter>
    </ClCompile>
    <ClCompile Include="src\CustomShader.cpp">
      <Filter>소스 파일</Filter>
    </ClCompile>
    <ClCompile Include="src\CustomShaderProgram.cpp">
      <Filter>소스 파일</Filter>
    </ClCompile>
    <ClCompile Include="src\GLSLFile.cpp">
      <Filter>소스 파일</Filter>
    </ClCompile>
    <ClCompile Include="src\Polygon.cpp">
      <Filter>소스 파일</Filter>
    </ClCompile>
    <ClCompile Include="src\Texture.cpp">
      <Filter>소스 파일</Filter>
    </ClCompile>
    <ClCompile Include="src\03_Texture\03_Texture.cpp">
      <Filter>소스 파일\03_Texture</Filter>
    </ClCompile>
    <ClCompile Include="opengl-study-bin\src\stb_image.cpp">
      <Filter>소스 파일</Filter>
    </ClCompile>
  </ItemGroup>
  <ItemGroup>
    <None Include="src\01_Triangle\01_Triangle.frag">
      <Filter>소스 파일\01_Triangle</Filter>
    </None>
    <None Include="src\01_Triangle\01_Triangle.vert">
      <Filter>소스 파일\01_Triangle</Filter>
    </None>
    <None Include="src\01_Triangle\01_Triangle_2.frag">
      <Filter>소스 파일\01_Triangle</Filter>
    </None>
    <None Include="src\02_Shader\02_Shader.frag">
      <Filter>소스 파일\02_Shader</Filter>
    </None>
    <None Include="src\02_Shader\02_Shader.vert">
      <Filter>소스 파일\02_Shader</Filter>
    </None>
    <None Include="src\02_Shader\02_Shader_2.frag">
      <Filter>소스 파일\02_Shader</Filter>
    </None>
    <None Include="src\02_Shader\02_Shader_3.vert">
      <Filter>소스 파일\02_Shader</Filter>
    </None>
    <None Include="src\02_Shader\02_Shader_3.frag">
      <Filter>소스 파일\02_Shader</Filter>
    </None>
    <None Include="src\03_Texture\03_Texture.frag">
      <Filter>소스 파일\03_Texture</Filter>
    </None>
    <None Include="src\03_Texture\03_Texture.vert">
      <Filter>소스 파일\03_Texture</Filter>
    </None>
    <None Include="03_Texture_2.frag">
      <Filter>소스 파일\03_Texture</Filter>
    </None>
  </ItemGroup>
  <ItemGroup>
    <Text Include="src\02_Shader\glsl_format.txt">
      <Filter>소스 파일\02_Shader</Filter>
    </Text>
  </ItemGroup>
  <ItemGroup>
    <ClInclude Include="includes\CustomShader.h">
      <Filter>헤더 파일</Filter>
    </ClInclude>
    <ClInclude Include="includes\CustomShaderProgram.h">
      <Filter>헤더 파일</Filter>
    </ClInclude>
    <ClInclude Include="includes\GLSLFile.h">
      <Filter>헤더 파일</Filter>
    </ClInclude>
    <ClInclude Include="includes\Polygon.h">
      <Filter>헤더 파일</Filter>
    </ClInclude>
    <ClInclude Include="includes\Texture.h">
      <Filter>헤더 파일</Filter>
    </ClInclude>
    <ClInclude Include="opengl-study-bin\includes\stb_image.h">
      <Filter>헤더 파일</Filter>
    </ClInclude>
  </ItemGroup>
  <ItemGroup>
    <Image Include="resources\uv_checker.jpg">
      <Filter>리소스 파일</Filter>
    </Image>
  </ItemGroup>
</Project>